
Microsoft Visual Studio Solution File, Format Version 12.00
# Visual Studio 14
VisualStudioVersion = 14.0.25420.1
MinimumVisualStudioVersion = 10.0.40219.1
Project("{FAE04EC0-301F-11D3-BF4B-00C04F79EFBC}") = "MapGen", "MapGen\MapGen.csproj", "{A154B973-BA1D-4591-A33E-A339ED549957}"
EndProject
Project("{FAE04EC0-301F-11D3-BF4B-00C04F79EFBC}") = "MapGen.Model", "MapGen.Model\MapGen.Model.csproj", "{D10A7B6E-46E2-4B9D-A352-8CE165071FBC}"
EndProject
Project("{FAE04EC0-301F-11D3-BF4B-00C04F79EFBC}") = "MapGen.Presenter", "MapGen.Presenter\MapGen.Presenter.csproj", "{897BE92B-3126-42BF-8EFB-9C99CD48A35F}"
EndProject
Project("{FAE04EC0-301F-11D3-BF4B-00C04F79EFBC}") = "MapGen.Model.Tests", "MapGen.Model.Tests\MapGen.Model.Tests.csproj", "{B0DB7238-E007-434C-AEFD-F721108DF636}"
EndProject
Project("{FAE04EC0-301F-11D3-BF4B-00C04F79EFBC}") = "MapGen.View", "MapGen.View\MapGen.View.csproj", "{7A7CC250-694F-46B0-8D1A-162EF5CB463E}"
EndProject
Project("{54435603-DBB4-11D2-8724-00A0C9A8B90C}") = "MapGen.Setup", "MapGen.Setup\MapGen.Setup.vdproj", "{737ABA83-D969-4C1D-9BB8-193CE2BDF716}"
EndProject
Global
	GlobalSection(SolutionConfigurationPlatforms) = preSolution
		Debug|x64 = Debug|x64
		Release|x64 = Release|x64
	EndGlobalSection
	GlobalSection(ProjectConfigurationPlatforms) = postSolution
		{A154B973-BA1D-4591-A33E-A339ED549957}.Debug|x64.ActiveCfg = Debug|x64
		{A154B973-BA1D-4591-A33E-A339ED549957}.Debug|x64.Build.0 = Debug|x64
		{A154B973-BA1D-4591-A33E-A339ED549957}.Release|x64.ActiveCfg = Release|x64
		{D10A7B6E-46E2-4B9D-A352-8CE165071FBC}.Debug|x64.ActiveCfg = Debug|x64
		{D10A7B6E-46E2-4B9D-A352-8CE165071FBC}.Debug|x64.Build.0 = Debug|x64
		{D10A7B6E-46E2-4B9D-A352-8CE165071FBC}.Release|x64.ActiveCfg = Release|x64
		{897BE92B-3126-42BF-8EFB-9C99CD48A35F}.Debug|x64.ActiveCfg = Debug|x64
		{897BE92B-3126-42BF-8EFB-9C99CD48A35F}.Debug|x64.Build.0 = Debug|x64
		{897BE92B-3126-42BF-8EFB-9C99CD48A35F}.Release|x64.ActiveCfg = Release|x64
		{B0DB7238-E007-434C-AEFD-F721108DF636}.Debug|x64.ActiveCfg = Debug|x64
		{B0DB7238-E007-434C-AEFD-F721108DF636}.Release|x64.ActiveCfg = Release|x64
		{7A7CC250-694F-46B0-8D1A-162EF5CB463E}.Debug|x64.ActiveCfg = Debug|x64
		{7A7CC250-694F-46B0-8D1A-162EF5CB463E}.Debug|x64.Build.0 = Debug|x64
		{7A7CC250-694F-46B0-8D1A-162EF5CB463E}.Release|x64.ActiveCfg = Release|x64
		{737ABA83-D969-4C1D-9BB8-193CE2BDF716}.Debug|x64.ActiveCfg = Debug
		{737ABA83-D969-4C1D-9BB8-193CE2BDF716}.Debug|x64.Build.0 = Debug
		{737ABA83-D969-4C1D-9BB8-193CE2BDF716}.Release|x64.ActiveCfg = Release
	EndGlobalSection
	GlobalSection(SolutionProperties) = preSolution
		HideSolutionNode = FALSE
	EndGlobalSection
EndGlobal
